
Microsoft Visual Studio Solution File, Format Version 12.00
# Visual Studio Version 17
VisualStudioVersion = 17.1.32414.318
MinimumVisualStudioVersion = 10.0.40219.1
Project("{2150E333-8FDC-42A3-9474-1A3956D46DE8}") = "Server", "Server", "{17D91310-3D8A-4518-806B-144BEEE355A5}"
EndProject
Project("{2150E333-8FDC-42A3-9474-1A3956D46DE8}") = "Shared", "Shared", "{9AD5AD29-117A-40CD-BEBB-145DEB4F1C56}"
EndProject
Project("{9A19103F-16F7-4668-BE54-9A1E7A4F7556}") = "API", "API\API.csproj", "{D1D19EE5-DEEB-4272-8DE8-800F0C14BF79}"
EndProject
Project("{9A19103F-16F7-4668-BE54-9A1E7A4F7556}") = "Domain", "Domain\Domain.csproj", "{97A5CD6B-C191-4A8C-8005-96B4848522C0}"
EndProject
Project("{9A19103F-16F7-4668-BE54-9A1E7A4F7556}") = "Infrastructure", "Infrastructure\Infrastructure.csproj", "{1041DB8D-1349-4B32-A288-BA7F50F79D12}"
EndProject
Project("{9A19103F-16F7-4668-BE54-9A1E7A4F7556}") = "Services", "Services\Services.csproj", "{E19F862A-FE84-4D9B-929C-31A82F53C402}"
EndProject
Project("{9A19103F-16F7-4668-BE54-9A1E7A4F7556}") = "ViewModel", "ViewModel\ViewModel.csproj", "{4918DBD4-19F8-4997-8289-92BAFFFC322E}"
EndProject
Project("{9A19103F-16F7-4668-BE54-9A1E7A4F7556}") = "Shared.API", "Shared.API\Shared.API.csproj", "{236359C0-856E-4663-93B7-50004E7CA82E}"
EndProject
Project("{9A19103F-16F7-4668-BE54-9A1E7A4F7556}") = "Shared.Domain", "Shared.Domain\Shared.Domain.csproj", "{A18E7902-EAA6-441D-AD69-BFF2A52CC3DA}"
EndProject
Project("{9A19103F-16F7-4668-BE54-9A1E7A4F7556}") = "Shared.InfraStructure", "Shared.InfraStructure\Shared.InfraStructure.csproj", "{8AAE9EFF-7B2E-4972-AB03-93C30F0FD304}"
EndProject
Project("{9A19103F-16F7-4668-BE54-9A1E7A4F7556}") = "Shared.UI", "Shared.UI\Shared.UI.csproj", "{5FA39E74-10C8-4811-871E-C59826512BF4}"
EndProject
Project("{9A19103F-16F7-4668-BE54-9A1E7A4F7556}") = "UI", "UI\UI.csproj", "{2F4BCCA5-DE54-4738-A717-B7B804924F7D}"
EndProject
Project("{9A19103F-16F7-4668-BE54-9A1E7A4F7556}") = "Shared.Global", "Shared.Global\Shared.Global.csproj", "{05475146-B056-41FB-9A6B-F43F281216F7}"
EndProject
Global
	GlobalSection(SolutionConfigurationPlatforms) = preSolution
		Debug|Any CPU = Debug|Any CPU
		Release|Any CPU = Release|Any CPU
	EndGlobalSection
	GlobalSection(ProjectConfigurationPlatforms) = postSolution
		{D1D19EE5-DEEB-4272-8DE8-800F0C14BF79}.Debug|Any CPU.ActiveCfg = Debug|Any CPU
		{D1D19EE5-DEEB-4272-8DE8-800F0C14BF79}.Debug|Any CPU.Build.0 = Debug|Any CPU
		{D1D19EE5-DEEB-4272-8DE8-800F0C14BF79}.Release|Any CPU.ActiveCfg = Release|Any CPU
		{D1D19EE5-DEEB-4272-8DE8-800F0C14BF79}.Release|Any CPU.Build.0 = Release|Any CPU
		{97A5CD6B-C191-4A8C-8005-96B4848522C0}.Debug|Any CPU.ActiveCfg = Debug|Any CPU
		{97A5CD6B-C191-4A8C-8005-96B4848522C0}.Debug|Any CPU.Build.0 = Debug|Any CPU
		{97A5CD6B-C191-4A8C-8005-96B4848522C0}.Release|Any CPU.ActiveCfg = Release|Any CPU
		{97A5CD6B-C191-4A8C-8005-96B4848522C0}.Release|Any CPU.Build.0 = Release|Any CPU
		{1041DB8D-1349-4B32-A288-BA7F50F79D12}.Debug|Any CPU.ActiveCfg = Debug|Any CPU
		{1041DB8D-1349-4B32-A288-BA7F50F79D12}.Debug|Any CPU.Build.0 = Debug|Any CPU
		{1041DB8D-1349-4B32-A288-BA7F50F79D12}.Release|Any CPU.ActiveCfg = Release|Any CPU
		{1041DB8D-1349-4B32-A288-BA7F50F79D12}.Release|Any CPU.Build.0 = Release|Any CPU
		{E19F862A-FE84-4D9B-929C-31A82F53C402}.Debug|Any CPU.ActiveCfg = Debug|Any CPU
		{E19F862A-FE84-4D9B-929C-31A82F53C402}.Debug|Any CPU.Build.0 = Debug|Any CPU
		{E19F862A-FE84-4D9B-929C-31A82F53C402}.Release|Any CPU.ActiveCfg = Release|Any CPU
		{E19F862A-FE84-4D9B-929C-31A82F53C402}.Release|Any CPU.Build.0 = Release|Any CPU
		{4918DBD4-19F8-4997-8289-92BAFFFC322E}.Debug|Any CPU.ActiveCfg = Debug|Any CPU
		{4918DBD4-19F8-4997-8289-92BAFFFC322E}.Debug|Any CPU.Build.0 = Debug|Any CPU
		{4918DBD4-19F8-4997-8289-92BAFFFC322E}.Release|Any CPU.ActiveCfg = Release|Any CPU
		{4918DBD4-19F8-4997-8289-92BAFFFC322E}.Release|Any CPU.Build.0 = Release|Any CPU
		{236359C0-856E-4663-93B7-50004E7CA82E}.Debug|Any CPU.ActiveCfg = Debug|Any CPU
		{236359C0-856E-4663-93B7-50004E7CA82E}.Debug|Any CPU.Build.0 = Debug|Any CPU
		{236359C0-856E-4663-93B7-50004E7CA82E}.Release|Any CPU.ActiveCfg = Release|Any CPU
		{236359C0-856E-4663-93B7-50004E7CA82E}.Release|Any CPU.Build.0 = Release|Any CPU
		{A18E7902-EAA6-441D-AD69-BFF2A52CC3DA}.Debug|Any CPU.ActiveCfg = Debug|Any CPU
		{A18E7902-EAA6-441D-AD69-BFF2A52CC3DA}.Debug|Any CPU.Build.0 = Debug|Any CPU
		{A18E7902-EAA6-441D-AD69-BFF2A52CC3DA}.Release|Any CPU.ActiveCfg = Release|Any CPU
		{A18E7902-EAA6-441D-AD69-BFF2A52CC3DA}.Release|Any CPU.Build.0 = Release|Any CPU
		{8AAE9EFF-7B2E-4972-AB03-93C30F0FD304}.Debug|Any CPU.ActiveCfg = Debug|Any CPU
		{8AAE9EFF-7B2E-4972-AB03-93C30F0FD304}.Debug|Any CPU.Build.0 = Debug|Any CPU
		{8AAE9EFF-7B2E-4972-AB03-93C30F0FD304}.Release|Any CPU.ActiveCfg = Release|Any CPU
		{8AAE9EFF-7B2E-4972-AB03-93C30F0FD304}.Release|Any CPU.Build.0 = Release|Any CPU
		{5FA39E74-10C8-4811-871E-C59826512BF4}.Debug|Any CPU.ActiveCfg = Debug|Any CPU
		{5FA39E74-10C8-4811-871E-C59826512BF4}.Debug|Any CPU.Build.0 = Debug|Any CPU
		{5FA39E74-10C8-4811-871E-C59826512BF4}.Release|Any CPU.ActiveCfg = Release|Any CPU
		{5FA39E74-10C8-4811-871E-C59826512BF4}.Release|Any CPU.Build.0 = Release|Any CPU
		{2F4BCCA5-DE54-4738-A717-B7B804924F7D}.Debug|Any CPU.ActiveCfg = Debug|Any CPU
		{2F4BCCA5-DE54-4738-A717-B7B804924F7D}.Debug|Any CPU.Build.0 = Debug|Any CPU
		{2F4BCCA5-DE54-4738-A717-B7B804924F7D}.Release|Any CPU.ActiveCfg = Release|Any CPU
		{2F4BCCA5-DE54-4738-A717-B7B804924F7D}.Release|Any CPU.Build.0 = Release|Any CPU
		{05475146-B056-41FB-9A6B-F43F281216F7}.Debug|Any CPU.ActiveCfg = Debug|Any CPU
		{05475146-B056-41FB-9A6B-F43F281216F7}.Debug|Any CPU.Build.0 = Debug|Any CPU
		{05475146-B056-41FB-9A6B-F43F281216F7}.Release|Any CPU.ActiveCfg = Release|Any CPU
		{05475146-B056-41FB-9A6B-F43F281216F7}.Release|Any CPU.Build.0 = Release|Any CPU
	EndGlobalSection
	GlobalSection(SolutionProperties) = preSolution
		HideSolutionNode = FALSE
	EndGlobalSection
	GlobalSection(NestedProjects) = preSolution
		{D1D19EE5-DEEB-4272-8DE8-800F0C14BF79} = {17D91310-3D8A-4518-806B-144BEEE355A5}
		{97A5CD6B-C191-4A8C-8005-96B4848522C0} = {17D91310-3D8A-4518-806B-144BEEE355A5}
		{1041DB8D-1349-4B32-A288-BA7F50F79D12} = {17D91310-3D8A-4518-806B-144BEEE355A5}
		{E19F862A-FE84-4D9B-929C-31A82F53C402} = {17D91310-3D8A-4518-806B-144BEEE355A5}
		{4918DBD4-19F8-4997-8289-92BAFFFC322E} = {9AD5AD29-117A-40CD-BEBB-145DEB4F1C56}
		{236359C0-856E-4663-93B7-50004E7CA82E} = {9AD5AD29-117A-40CD-BEBB-145DEB4F1C56}
		{A18E7902-EAA6-441D-AD69-BFF2A52CC3DA} = {9AD5AD29-117A-40CD-BEBB-145DEB4F1C56}
		{8AAE9EFF-7B2E-4972-AB03-93C30F0FD304} = {9AD5AD29-117A-40CD-BEBB-145DEB4F1C56}
		{5FA39E74-10C8-4811-871E-C59826512BF4} = {9AD5AD29-117A-40CD-BEBB-145DEB4F1C56}
		{05475146-B056-41FB-9A6B-F43F281216F7} = {9AD5AD29-117A-40CD-BEBB-145DEB4F1C56}
	EndGlobalSection
	GlobalSection(ExtensibilityGlobals) = postSolution
		SolutionGuid = {165ADC7E-A86D-452E-82E5-F204055F919B}
	EndGlobalSection
EndGlobal
